# THIS IS AN AUTOGENERATED FILE. DO NOT EDIT THIS FILE DIRECTLY.
# yarn lockfile v1


servor@2.2.1:
  version "2.2.1"
  resolved "https://registry.yarnpkg.com/servor/-/servor-2.2.1.tgz#fe4a9c756de7c529ac263edb678efbc20ff172ae"
  integrity sha512-eWfiLC6vgpOXGfIVJCHwbPdVcddVX0iFABtZVIATk3xpAfCX9toRWD04I5aB4fhNh+VIR705zo/RhXJPYfpEwQ==
